{
  "name": "academic-jekyll-site",
  "version": "1.0.0",
  "lockfileVersion": 3,
  "requires": true,
  "packages": {
    "": {
      "name": "academic-jekyll-site",
      "version": "1.0.0",
      "license": "MIT",
      "devDependencies": {
        "gh-pages": "^3.2.3",
        "html-minifier-terser": "^7.2.0",
        "clean-css-cli": "^5.6.2",
        "uglify-js": "^3.17.4",
        "htmlproofer": "^5.0.8"
      }
    },
    "node_modules/gh-pages": {
      "version": "3.2.3",
      "resolved": "https://registry.npmjs.org/gh-pages/-/gh-pages-3.2.3.tgz",
      "integrity": "sha512-jA1PbapQ1jqzacECfjUaO9gV8uBgU6XNMV0oXLtfCX3haGLe5Atq8BxlrADhbD6/UdG9j6tZLWAkAybndOXTJg==",
      "dev": true,
      "dependencies": {
        "async": "^2.6.1",
        "commander": "^2.18.0",
        "email-addresses": "^3.0.1",
        "filenamify": "^4.3.0",
        "find-cache-dir": "^3.3.1",
        "fs-extra": "^8.1.0",
        "globby": "^6.1.0"
      },
      "bin": {
        "gh-pages": "bin/gh-pages",
        "gh-pages-clean": "bin/gh-pages-clean"
      },
      "engines": {
        "node": ">=10"
      }
    },
    "node_modules/html-minifier-terser": {
      "version": "7.2.0",
      "resolved": "https://registry.npmjs.org/html-minifier-terser/-/html-minifier-terser-7.2.0.tgz",
      "integrity": "sha512-tXgn3QfqPIpGl9o+K5tpcj3/MN4SfLtsx2GWwBC3SSd0tXQGyF3gsSqad8loJgKZGM3ZxbYDd5yhiBIdWpmvLA==",
      "dev": true,
      "dependencies": {
        "camel-case": "^4.1.2",
        "clean-css": "^5.3.0",
        "commander": "^10.0.0",
        "entities": "^4.4.0",
        "param-case": "^3.0.4",
        "relateurl": "^0.2.7",
        "terser": "^5.15.1"
      },
      "bin": {
        "html-minifier-terser": "cli.js"
      },
      "engines": {
        "node": "^14.13.1 || >=16.0.0"
      }
    },
    "node_modules/clean-css-cli": {
      "version": "5.6.2",
      "resolved": "https://registry.npmjs.org/clean-css-cli/-/clean-css-cli-5.6.2.tgz",
      "integrity": "sha512-x8xPp2qK3pjWJgNVG7Jo+AaHm5oONOPa3DExFEhB4LNjrWmW5VfcHhw/tJr1oXHT6lC0fMeIxBQ8ZoY4J8j2aw==",
      "dev": true,
      "dependencies": {
        "clean-css": "^5.3.0",
        "commander": "^9.4.0",
        "glob": "^8.0.3"
      },
      "bin": {
        "cleancss": "bin/cleancss"
      },
      "engines": {
        "node": ">=10.0"
      }
    },
    "node_modules/uglify-js": {
      "version": "3.17.4",
      "resolved": "https://registry.npmjs.org/uglify-js/-/uglify-js-3.17.4.tgz",
      "integrity": "sha512-T9q82TJI9e/C1TAxYvfb16xO120tMVFZrGA3f9/P4424DNu6ypK103y0GPFVa17yotwSyZW5iYXgjYHkGrJW/g==",
      "dev": true,
      "bin": {
        "uglifyjs": "bin/uglifyjs"
      },
      "engines": {
        "node": ">=0.8.0"
      }
    },
    "node_modules/htmlproofer": {
      "version": "5.0.8",
      "resolved": "https://registry.npmjs.org/htmlproofer/-/htmlproofer-5.0.8.tgz",
      "integrity": "sha512-YXJMvpKKnCZoQOKIUmpWO6XiZXQ3q3DglBUgNm0zWU1gfJNvUr6A3lv4X8gY7TvFxH3OgGFGGh8w8X9mMJlOoA==",
      "dev": true,
      "bin": {
        "htmlproofer": "bin/htmlproofer"
      }
    }
  }
}
